
Microsoft Visual Studio Solution File, Format Version 12.00
# Visual Studio 15
VisualStudioVersion = 15.0.26124.0
MinimumVisualStudioVersion = 15.0.26124.0
Project("{FAE04EC0-301F-11D3-BF4B-00C04F79EFBC}") = "Web", "Web\Web.csproj", "{149C7E86-2D76-459B-A07A-AAA8365488F4}"
EndProject
Project("{FAE04EC0-301F-11D3-BF4B-00C04F79EFBC}") = "Api", "Api\Api.csproj", "{D8568270-93BF-4792-A0D7-BE1A6AAECC7D}"
EndProject
Project("{2150E333-8FDC-42A3-9474-1A3956D46DE8}") = "Tests", "Tests", "{839D1DCE-56BC-4C4B-BC87-121CEBBFA424}"
EndProject
Project("{FAE04EC0-301F-11D3-BF4B-00C04F79EFBC}") = "UnitTests", "Tests\UnitTests\UnitTests.csproj", "{B77C3FD5-D28C-4774-880E-08D2CF1037F5}"
EndProject
Project("{FAE04EC0-301F-11D3-BF4B-00C04F79EFBC}") = "UnitTestCore", "Tests\UnitTestCore\UnitTestCore.csproj", "{D1964407-918D-48E1-969E-43C2AAB16897}"
EndProject
Project("{FAE04EC0-301F-11D3-BF4B-00C04F79EFBC}") = "ApiLogic", "ApiLogic\ApiLogic.csproj", "{ABC67920-8C83-4DEC-962A-1366A0B42057}"
EndProject
Project("{2150E333-8FDC-42A3-9474-1A3956D46DE8}") = "Common", "Common", "{7C693A1B-994A-4B2E-A3AD-D13CCF100728}"
EndProject
Project("{FAE04EC0-301F-11D3-BF4B-00C04F79EFBC}") = "Clients", "Common\Clients\Clients.csproj", "{E872F1F6-CB3A-4DDD-998D-708F11D8ACDE}"
EndProject
Global
	GlobalSection(SolutionConfigurationPlatforms) = preSolution
		Debug|Any CPU = Debug|Any CPU
		Debug|x64 = Debug|x64
		Debug|x86 = Debug|x86
		Release|Any CPU = Release|Any CPU
		Release|x64 = Release|x64
		Release|x86 = Release|x86
	EndGlobalSection
	GlobalSection(SolutionProperties) = preSolution
		HideSolutionNode = FALSE
	EndGlobalSection
	GlobalSection(ProjectConfigurationPlatforms) = postSolution
		{149C7E86-2D76-459B-A07A-AAA8365488F4}.Debug|Any CPU.ActiveCfg = Debug|Any CPU
		{149C7E86-2D76-459B-A07A-AAA8365488F4}.Debug|Any CPU.Build.0 = Debug|Any CPU
		{149C7E86-2D76-459B-A07A-AAA8365488F4}.Debug|x64.ActiveCfg = Debug|Any CPU
		{149C7E86-2D76-459B-A07A-AAA8365488F4}.Debug|x64.Build.0 = Debug|Any CPU
		{149C7E86-2D76-459B-A07A-AAA8365488F4}.Debug|x86.ActiveCfg = Debug|Any CPU
		{149C7E86-2D76-459B-A07A-AAA8365488F4}.Debug|x86.Build.0 = Debug|Any CPU
		{149C7E86-2D76-459B-A07A-AAA8365488F4}.Release|Any CPU.ActiveCfg = Release|Any CPU
		{149C7E86-2D76-459B-A07A-AAA8365488F4}.Release|Any CPU.Build.0 = Release|Any CPU
		{149C7E86-2D76-459B-A07A-AAA8365488F4}.Release|x64.ActiveCfg = Release|Any CPU
		{149C7E86-2D76-459B-A07A-AAA8365488F4}.Release|x64.Build.0 = Release|Any CPU
		{149C7E86-2D76-459B-A07A-AAA8365488F4}.Release|x86.ActiveCfg = Release|Any CPU
		{149C7E86-2D76-459B-A07A-AAA8365488F4}.Release|x86.Build.0 = Release|Any CPU
		{D8568270-93BF-4792-A0D7-BE1A6AAECC7D}.Debug|Any CPU.ActiveCfg = Debug|Any CPU
		{D8568270-93BF-4792-A0D7-BE1A6AAECC7D}.Debug|Any CPU.Build.0 = Debug|Any CPU
		{D8568270-93BF-4792-A0D7-BE1A6AAECC7D}.Debug|x64.ActiveCfg = Debug|Any CPU
		{D8568270-93BF-4792-A0D7-BE1A6AAECC7D}.Debug|x64.Build.0 = Debug|Any CPU
		{D8568270-93BF-4792-A0D7-BE1A6AAECC7D}.Debug|x86.ActiveCfg = Debug|Any CPU
		{D8568270-93BF-4792-A0D7-BE1A6AAECC7D}.Debug|x86.Build.0 = Debug|Any CPU
		{D8568270-93BF-4792-A0D7-BE1A6AAECC7D}.Release|Any CPU.ActiveCfg = Release|Any CPU
		{D8568270-93BF-4792-A0D7-BE1A6AAECC7D}.Release|Any CPU.Build.0 = Release|Any CPU
		{D8568270-93BF-4792-A0D7-BE1A6AAECC7D}.Release|x64.ActiveCfg = Release|Any CPU
		{D8568270-93BF-4792-A0D7-BE1A6AAECC7D}.Release|x64.Build.0 = Release|Any CPU
		{D8568270-93BF-4792-A0D7-BE1A6AAECC7D}.Release|x86.ActiveCfg = Release|Any CPU
		{D8568270-93BF-4792-A0D7-BE1A6AAECC7D}.Release|x86.Build.0 = Release|Any CPU
		{B77C3FD5-D28C-4774-880E-08D2CF1037F5}.Debug|Any CPU.ActiveCfg = Debug|Any CPU
		{B77C3FD5-D28C-4774-880E-08D2CF1037F5}.Debug|Any CPU.Build.0 = Debug|Any CPU
		{B77C3FD5-D28C-4774-880E-08D2CF1037F5}.Debug|x64.ActiveCfg = Debug|Any CPU
		{B77C3FD5-D28C-4774-880E-08D2CF1037F5}.Debug|x64.Build.0 = Debug|Any CPU
		{B77C3FD5-D28C-4774-880E-08D2CF1037F5}.Debug|x86.ActiveCfg = Debug|Any CPU
		{B77C3FD5-D28C-4774-880E-08D2CF1037F5}.Debug|x86.Build.0 = Debug|Any CPU
		{B77C3FD5-D28C-4774-880E-08D2CF1037F5}.Release|Any CPU.ActiveCfg = Release|Any CPU
		{B77C3FD5-D28C-4774-880E-08D2CF1037F5}.Release|Any CPU.Build.0 = Release|Any CPU
		{B77C3FD5-D28C-4774-880E-08D2CF1037F5}.Release|x64.ActiveCfg = Release|Any CPU
		{B77C3FD5-D28C-4774-880E-08D2CF1037F5}.Release|x64.Build.0 = Release|Any CPU
		{B77C3FD5-D28C-4774-880E-08D2CF1037F5}.Release|x86.ActiveCfg = Release|Any CPU
		{B77C3FD5-D28C-4774-880E-08D2CF1037F5}.Release|x86.Build.0 = Release|Any CPU
		{D1964407-918D-48E1-969E-43C2AAB16897}.Debug|Any CPU.ActiveCfg = Debug|Any CPU
		{D1964407-918D-48E1-969E-43C2AAB16897}.Debug|Any CPU.Build.0 = Debug|Any CPU
		{D1964407-918D-48E1-969E-43C2AAB16897}.Debug|x64.ActiveCfg = Debug|Any CPU
		{D1964407-918D-48E1-969E-43C2AAB16897}.Debug|x64.Build.0 = Debug|Any CPU
		{D1964407-918D-48E1-969E-43C2AAB16897}.Debug|x86.ActiveCfg = Debug|Any CPU
		{D1964407-918D-48E1-969E-43C2AAB16897}.Debug|x86.Build.0 = Debug|Any CPU
		{D1964407-918D-48E1-969E-43C2AAB16897}.Release|Any CPU.ActiveCfg = Release|Any CPU
		{D1964407-918D-48E1-969E-43C2AAB16897}.Release|Any CPU.Build.0 = Release|Any CPU
		{D1964407-918D-48E1-969E-43C2AAB16897}.Release|x64.ActiveCfg = Release|Any CPU
		{D1964407-918D-48E1-969E-43C2AAB16897}.Release|x64.Build.0 = Release|Any CPU
		{D1964407-918D-48E1-969E-43C2AAB16897}.Release|x86.ActiveCfg = Release|Any CPU
		{D1964407-918D-48E1-969E-43C2AAB16897}.Release|x86.Build.0 = Release|Any CPU
		{ABC67920-8C83-4DEC-962A-1366A0B42057}.Debug|Any CPU.ActiveCfg = Debug|Any CPU
		{ABC67920-8C83-4DEC-962A-1366A0B42057}.Debug|Any CPU.Build.0 = Debug|Any CPU
		{ABC67920-8C83-4DEC-962A-1366A0B42057}.Debug|x64.ActiveCfg = Debug|Any CPU
		{ABC67920-8C83-4DEC-962A-1366A0B42057}.Debug|x64.Build.0 = Debug|Any CPU
		{ABC67920-8C83-4DEC-962A-1366A0B42057}.Debug|x86.ActiveCfg = Debug|Any CPU
		{ABC67920-8C83-4DEC-962A-1366A0B42057}.Debug|x86.Build.0 = Debug|Any CPU
		{ABC67920-8C83-4DEC-962A-1366A0B42057}.Release|Any CPU.ActiveCfg = Release|Any CPU
		{ABC67920-8C83-4DEC-962A-1366A0B42057}.Release|Any CPU.Build.0 = Release|Any CPU
		{ABC67920-8C83-4DEC-962A-1366A0B42057}.Release|x64.ActiveCfg = Release|Any CPU
		{ABC67920-8C83-4DEC-962A-1366A0B42057}.Release|x64.Build.0 = Release|Any CPU
		{ABC67920-8C83-4DEC-962A-1366A0B42057}.Release|x86.ActiveCfg = Release|Any CPU
		{ABC67920-8C83-4DEC-962A-1366A0B42057}.Release|x86.Build.0 = Release|Any CPU
		{E872F1F6-CB3A-4DDD-998D-708F11D8ACDE}.Debug|Any CPU.ActiveCfg = Debug|Any CPU
		{E872F1F6-CB3A-4DDD-998D-708F11D8ACDE}.Debug|Any CPU.Build.0 = Debug|Any CPU
		{E872F1F6-CB3A-4DDD-998D-708F11D8ACDE}.Debug|x64.ActiveCfg = Debug|Any CPU
		{E872F1F6-CB3A-4DDD-998D-708F11D8ACDE}.Debug|x64.Build.0 = Debug|Any CPU
		{E872F1F6-CB3A-4DDD-998D-708F11D8ACDE}.Debug|x86.ActiveCfg = Debug|Any CPU
		{E872F1F6-CB3A-4DDD-998D-708F11D8ACDE}.Debug|x86.Build.0 = Debug|Any CPU
		{E872F1F6-CB3A-4DDD-998D-708F11D8ACDE}.Release|Any CPU.ActiveCfg = Release|Any CPU
		{E872F1F6-CB3A-4DDD-998D-708F11D8ACDE}.Release|Any CPU.Build.0 = Release|Any CPU
		{E872F1F6-CB3A-4DDD-998D-708F11D8ACDE}.Release|x64.ActiveCfg = Release|Any CPU
		{E872F1F6-CB3A-4DDD-998D-708F11D8ACDE}.Release|x64.Build.0 = Release|Any CPU
		{E872F1F6-CB3A-4DDD-998D-708F11D8ACDE}.Release|x86.ActiveCfg = Release|Any CPU
		{E872F1F6-CB3A-4DDD-998D-708F11D8ACDE}.Release|x86.Build.0 = Release|Any CPU
	EndGlobalSection
	GlobalSection(NestedProjects) = preSolution
		{B77C3FD5-D28C-4774-880E-08D2CF1037F5} = {839D1DCE-56BC-4C4B-BC87-121CEBBFA424}
		{D1964407-918D-48E1-969E-43C2AAB16897} = {839D1DCE-56BC-4C4B-BC87-121CEBBFA424}
		{E872F1F6-CB3A-4DDD-998D-708F11D8ACDE} = {7C693A1B-994A-4B2E-A3AD-D13CCF100728}
	EndGlobalSection
EndGlobal
